// !$*UTF8*$!
{
	archiveVersion = 1;
	classes = {
	};
	objectVersion = 55;
	objects = {

/* Begin PBXBuildFile section */
		041CC205275BB5DF00910653 /* ExploreViewController+Extension.swift in Sources */ = {isa = PBXBuildFile; fileRef = 041CC204275BB5DF00910653 /* ExploreViewController+Extension.swift */; };
		041CC208275BB67D00910653 /* BrandsCollectionViewCell.swift in Sources */ = {isa = PBXBuildFile; fileRef = 041CC207275BB67D00910653 /* BrandsCollectionViewCell.swift */; };
		041CC20A275BCE3A00910653 /* CarMakesCollectionViewCell.swift in Sources */ = {isa = PBXBuildFile; fileRef = 041CC209275BCE3A00910653 /* CarMakesCollectionViewCell.swift */; };
		041CC20C275CDFC400910653 /* Network.swift in Sources */ = {isa = PBXBuildFile; fileRef = 041CC20B275CDFC400910653 /* Network.swift */; };
		041CC20E275CE0B700910653 /* MakeAndLogoModel.swift in Sources */ = {isa = PBXBuildFile; fileRef = 041CC20D275CE0B700910653 /* MakeAndLogoModel.swift */; };
		041CC211275D06A400910653 /* CarDetailsModel.swift in Sources */ = {isa = PBXBuildFile; fileRef = 041CC210275D06A400910653 /* CarDetailsModel.swift */; };
		041CC213275D794300910653 /* CarFeaturesViewController.swift in Sources */ = {isa = PBXBuildFile; fileRef = 041CC212275D794300910653 /* CarFeaturesViewController.swift */; };
		041CC215275D81DB00910653 /* CarFeaturesModel.swift in Sources */ = {isa = PBXBuildFile; fileRef = 041CC214275D81DB00910653 /* CarFeaturesModel.swift */; };
		048D6814275A9C21001C3F64 /* AppDelegate.swift in Sources */ = {isa = PBXBuildFile; fileRef = 048D6813275A9C21001C3F64 /* AppDelegate.swift */; };
		048D6816275A9C21001C3F64 /* SceneDelegate.swift in Sources */ = {isa = PBXBuildFile; fileRef = 048D6815275A9C21001C3F64 /* SceneDelegate.swift */; };
		048D681D275A9C22001C3F64 /* Assets.xcassets in Resources */ = {isa = PBXBuildFile; fileRef = 048D681C275A9C22001C3F64 /* Assets.xcassets */; };
		048D6820275A9C22001C3F64 /* LaunchScreen.storyboard in Resources */ = {isa = PBXBuildFile; fileRef = 048D681E275A9C22001C3F64 /* LaunchScreen.storyboard */; };
		048D682F275A9DAC001C3F64 /* ExploreViewController.swift in Sources */ = {isa = PBXBuildFile; fileRef = 048D682E275A9DAC001C3F64 /* ExploreViewController.swift */; };
		04E9D576275F52E60080688E /* TabBarViewController.swift in Sources */ = {isa = PBXBuildFile; fileRef = 04E9D575275F52E60080688E /* TabBarViewController.swift */; };
		04E9D57A275F53340080688E /* FavoriteViewController.swift in Sources */ = {isa = PBXBuildFile; fileRef = 04E9D579275F53340080688E /* FavoriteViewController.swift */; };
		04E9D57C275F53470080688E /* CartViewController.swift in Sources */ = {isa = PBXBuildFile; fileRef = 04E9D57B275F53470080688E /* CartViewController.swift */; };
		04E9D57E275F535C0080688E /* NotificationsViewController.swift in Sources */ = {isa = PBXBuildFile; fileRef = 04E9D57D275F535C0080688E /* NotificationsViewController.swift */; };
		04E9D580275F53750080688E /* ChatsViewController.swift in Sources */ = {isa = PBXBuildFile; fileRef = 04E9D57F275F53750080688E /* ChatsViewController.swift */; };
		1B48F4835F3F7390BA843209 /* Pods_AutoChek.framework in Frameworks */ = {isa = PBXBuildFile; fileRef = C10C90ACA59355FF83F170F9 /* Pods_AutoChek.framework */; };
/* End PBXBuildFile section */

/* Begin PBXFileReference section */
		041CC204275BB5DF00910653 /* ExploreViewController+Extension.swift */ = {isa = PBXFileReference; lastKnownFileType = sourcecode.swift; path = "ExploreViewController+Extension.swift"; sourceTree = "<group>"; };
		041CC207275BB67D00910653 /* BrandsCollectionViewCell.swift */ = {isa = PBXFileReference; lastKnownFileType = sourcecode.swift; path = BrandsCollectionViewCell.swift; sourceTree = "<group>"; };
		041CC209275BCE3A00910653 /* CarMakesCollectionViewCell.swift */ = {isa = PBXFileReference; lastKnownFileType = sourcecode.swift; path = CarMakesCollectionViewCell.swift; sourceTree = "<group>"; };
		041CC20B275CDFC400910653 /* Network.swift */ = {isa = PBXFileReference; lastKnownFileType = sourcecode.swift; path = Network.swift; sourceTree = "<group>"; };
		041CC20D275CE0B700910653 /* MakeAndLogoModel.swift */ = {isa = PBXFileReference; lastKnownFileType = sourcecode.swift; path = MakeAndLogoModel.swift; sourceTree = "<group>"; };
		041CC210275D06A400910653 /* CarDetailsModel.swift */ = {isa = PBXFileReference; lastKnownFileType = sourcecode.swift; path = CarDetailsModel.swift; sourceTree = "<group>"; };
		041CC212275D794300910653 /* CarFeaturesViewController.swift */ = {isa = PBXFileReference; lastKnownFileType = sourcecode.swift; path = CarFeaturesViewController.swift; sourceTree = "<group>"; };
		041CC214275D81DB00910653 /* CarFeaturesModel.swift */ = {isa = PBXFileReference; lastKnownFileType = sourcecode.swift; path = CarFeaturesModel.swift; sourceTree = "<group>"; };
		048D6810275A9C21001C3F64 /* AutoChek.app */ = {isa = PBXFileReference; explicitFileType = wrapper.application; includeInIndex = 0; path = AutoChek.app; sourceTree = BUILT_PRODUCTS_DIR; };
		048D6813275A9C21001C3F64 /* AppDelegate.swift */ = {isa = PBXFileReference; lastKnownFileType = sourcecode.swift; path = AppDelegate.swift; sourceTree = "<group>"; };
		048D6815275A9C21001C3F64 /* SceneDelegate.swift */ = {isa = PBXFileReference; lastKnownFileType = sourcecode.swift; path = SceneDelegate.swift; sourceTree = "<group>"; };
		048D681C275A9C22001C3F64 /* Assets.xcassets */ = {isa = PBXFileReference; lastKnownFileType = folder.assetcatalog; path = Assets.xcassets; sourceTree = "<group>"; };
		048D681F275A9C22001C3F64 /* Base */ = {isa = PBXFileReference; lastKnownFileType = file.storyboard; name = Base; path = Base.lproj/LaunchScreen.storyboard; sourceTree = "<group>"; };
		048D6821275A9C22001C3F64 /* Info.plist */ = {isa = PBXFileReference; lastKnownFileType = text.plist.xml; path = Info.plist; sourceTree = "<group>"; };
		048D682E275A9DAC001C3F64 /* ExploreViewController.swift */ = {isa = PBXFileReference; fileEncoding = 4; lastKnownFileType = sourcecode.swift; path = ExploreViewController.swift; sourceTree = "<group>"; };
		04E9D575275F52E60080688E /* TabBarViewController.swift */ = {isa = PBXFileReference; lastKnownFileType = sourcecode.swift; path = TabBarViewController.swift; sourceTree = "<group>"; };
		04E9D579275F53340080688E /* FavoriteViewController.swift */ = {isa = PBXFileReference; lastKnownFileType = sourcecode.swift; path = FavoriteViewController.swift; sourceTree = "<group>"; };
		04E9D57B275F53470080688E /* CartViewController.swift */ = {isa = PBXFileReference; lastKnownFileType = sourcecode.swift; path = CartViewController.swift; sourceTree = "<group>"; };
		04E9D57D275F535C0080688E /* NotificationsViewController.swift */ = {isa = PBXFileReference; lastKnownFileType = sourcecode.swift; path = NotificationsViewController.swift; sourceTree = "<group>"; };
		04E9D57F275F53750080688E /* ChatsViewController.swift */ = {isa = PBXFileReference; lastKnownFileType = sourcecode.swift; path = ChatsViewController.swift; sourceTree = "<group>"; };
		5EDE2C806F5FC5B3C6619691 /* Pods-AutoChek.debug.xcconfig */ = {isa = PBXFileReference; includeInIndex = 1; lastKnownFileType = text.xcconfig; name = "Pods-AutoChek.debug.xcconfig"; path = "Target Support Files/Pods-AutoChek/Pods-AutoChek.debug.xcconfig"; sourceTree = "<group>"; };
		6A7A381E130A992674D032C7 /* Pods-AutoChek.release.xcconfig */ = {isa = PBXFileReference; includeInIndex = 1; lastKnownFileType = text.xcconfig; name = "Pods-AutoChek.release.xcconfig"; path = "Target Support Files/Pods-AutoChek/Pods-AutoChek.release.xcconfig"; sourceTree = "<group>"; };
		C10C90ACA59355FF83F170F9 /* Pods_AutoChek.framework */ = {isa = PBXFileReference; explicitFileType = wrapper.framework; includeInIndex = 0; path = Pods_AutoChek.framework; sourceTree = BUILT_PRODUCTS_DIR; };
/* End PBXFileReference section */

/* Begin PBXFrameworksBuildPhase section */
		048D680D275A9C21001C3F64 /* Frameworks */ = {
			isa = PBXFrameworksBuildPhase;
			buildActionMask = 2147483647;
			files = (
				1B48F4835F3F7390BA843209 /* Pods_AutoChek.framework in Frameworks */,
			);
			runOnlyForDeploymentPostprocessing = 0;
		};
/* End PBXFrameworksBuildPhase section */

/* Begin PBXGroup section */
		041CC206275BB65200910653 /* Cells */ = {
			isa = PBXGroup;
			children = (
				041CC207275BB67D00910653 /* BrandsCollectionViewCell.swift */,
				041CC209275BCE3A00910653 /* CarMakesCollectionViewCell.swift */,
			);
			path = Cells;
			sourceTree = "<group>";
		};
		041CC20F275D068300910653 /* NetworkModels */ = {
			isa = PBXGroup;
			children = (
				041CC20D275CE0B700910653 /* MakeAndLogoModel.swift */,
				041CC210275D06A400910653 /* CarDetailsModel.swift */,
				041CC214275D81DB00910653 /* CarFeaturesModel.swift */,
			);
			path = NetworkModels;
			sourceTree = "<group>";
		};
		048D6807275A9C21001C3F64 = {
			isa = PBXGroup;
			children = (
				048D6812275A9C21001C3F64 /* AutoChek */,
				048D6811275A9C21001C3F64 /* Products */,
				F454F5B5412B944FE0F896FB /* Pods */,
				DD1B76C927705EC05A03E89A /* Frameworks */,
			);
			sourceTree = "<group>";
		};
		048D6811275A9C21001C3F64 /* Products */ = {
			isa = PBXGroup;
			children = (
				048D6810275A9C21001C3F64 /* AutoChek.app */,
			);
			name = Products;
			sourceTree = "<group>";
		};
		048D6812275A9C21001C3F64 /* AutoChek */ = {
			isa = PBXGroup;
			children = (
				048D6827275A9C3C001C3F64 /* Models */,
				048D6829275A9C5F001C3F64 /* Views */,
				048D682A275A9C6A001C3F64 /* Controllers */,
				048D682B275A9C9F001C3F64 /* Delegates */,
				048D682C275A9CD0001C3F64 /* Resources */,
				048D6821275A9C22001C3F64 /* Info.plist */,
			);
			path = AutoChek;
			sourceTree = "<group>";
		};
		048D6827275A9C3C001C3F64 /* Models */ = {
			isa = PBXGroup;
			children = (
				041CC20F275D068300910653 /* NetworkModels */,
				048D6832275AA08F001C3F64 /* Networking */,
			);
			path = Models;
			sourceTree = "<group>";
		};
		048D6829275A9C5F001C3F64 /* Views */ = {
			isa = PBXGroup;
			children = (
				041CC206275BB65200910653 /* Cells */,
				048D682D275A9CEE001C3F64 /* StoryBoards */,
			);
			path = Views;
			sourceTree = "<group>";
		};
		048D682A275A9C6A001C3F64 /* Controllers */ = {
			isa = PBXGroup;
			children = (
				04E9D574275F52820080688E /* TabBarControllers */,
				048D682E275A9DAC001C3F64 /* ExploreViewController.swift */,
				041CC204275BB5DF00910653 /* ExploreViewController+Extension.swift */,
				041CC212275D794300910653 /* CarFeaturesViewController.swift */,
			);
			path = Controllers;
			sourceTree = "<group>";
		};
		048D682B275A9C9F001C3F64 /* Delegates */ = {
			isa = PBXGroup;
			children = (
				048D6813275A9C21001C3F64 /* AppDelegate.swift */,
				048D6815275A9C21001C3F64 /* SceneDelegate.swift */,
			);
			path = Delegates;
			sourceTree = "<group>";
		};
		048D682C275A9CD0001C3F64 /* Resources */ = {
			isa = PBXGroup;
			children = (
				048D681C275A9C22001C3F64 /* Assets.xcassets */,
			);
			path = Resources;
			sourceTree = "<group>";
		};
		048D682D275A9CEE001C3F64 /* StoryBoards */ = {
			isa = PBXGroup;
			children = (
				048D681E275A9C22001C3F64 /* LaunchScreen.storyboard */,
			);
			path = StoryBoards;
			sourceTree = "<group>";
		};
		048D6832275AA08F001C3F64 /* Networking */ = {
			isa = PBXGroup;
			children = (
				041CC20B275CDFC400910653 /* Network.swift */,
			);
			path = Networking;
			sourceTree = "<group>";
		};
		04E9D574275F52820080688E /* TabBarControllers */ = {
			isa = PBXGroup;
			children = (
				04E9D575275F52E60080688E /* TabBarViewController.swift */,
				04E9D579275F53340080688E /* FavoriteViewController.swift */,
				04E9D57B275F53470080688E /* CartViewController.swift */,
				04E9D57D275F535C0080688E /* NotificationsViewController.swift */,
				04E9D57F275F53750080688E /* ChatsViewController.swift */,
			);
			path = TabBarControllers;
			sourceTree = "<group>";
		};
		DD1B76C927705EC05A03E89A /* Frameworks */ = {
			isa = PBXGroup;
			children = (
				C10C90ACA59355FF83F170F9 /* Pods_AutoChek.framework */,
			);
			name = Frameworks;
			sourceTree = "<group>";
		};
		F454F5B5412B944FE0F896FB /* Pods */ = {
			isa = PBXGroup;
			children = (
				5EDE2C806F5FC5B3C6619691 /* Pods-AutoChek.debug.xcconfig */,
				6A7A381E130A992674D032C7 /* Pods-AutoChek.release.xcconfig */,
			);
			path = Pods;
			sourceTree = "<group>";
		};
/* End PBXGroup section */

/* Begin PBXNativeTarget section */
		048D680F275A9C21001C3F64 /* AutoChek */ = {
			isa = PBXNativeTarget;
			buildConfigurationList = 048D6824275A9C22001C3F64 /* Build configuration list for PBXNativeTarget "AutoChek" */;
			buildPhases = (
				9217DAD01DC361BF2D33C679 /* [CP] Check Pods Manifest.lock */,
				048D680C275A9C21001C3F64 /* Sources */,
				048D680D275A9C21001C3F64 /* Frameworks */,
				048D680E275A9C21001C3F64 /* Resources */,
				EFB3E1B53687EB34D57F1249 /* [CP] Embed Pods Frameworks */,
			);
			buildRules = (
			);
			dependencies = (
			);
			name = AutoChek;
			productName = AutoChek;
			productReference = 048D6810275A9C21001C3F64 /* AutoChek.app */;
			productType = "com.apple.product-type.application";
		};
/* End PBXNativeTarget section */

/* Begin PBXProject section */
		048D6808275A9C21001C3F64 /* Project object */ = {
			isa = PBXProject;
			attributes = {
				BuildIndependentTargetsInParallel = 1;
				LastSwiftUpdateCheck = 1310;
				LastUpgradeCheck = 1310;
				TargetAttributes = {
					048D680F275A9C21001C3F64 = {
						CreatedOnToolsVersion = 13.1;
					};
				};
			};
			buildConfigurationList = 048D680B275A9C21001C3F64 /* Build configuration list for PBXProject "AutoChek" */;
			compatibilityVersion = "Xcode 13.0";
			developmentRegion = en;
			hasScannedForEncodings = 0;
			knownRegions = (
				en,
				Base,
			);
			mainGroup = 048D6807275A9C21001C3F64;
			productRefGroup = 048D6811275A9C21001C3F64 /* Products */;
			projectDirPath = "";
			projectRoot = "";
			targets = (
				048D680F275A9C21001C3F64 /* AutoChek */,
			);
		};
/* End PBXProject section */

/* Begin PBXResourcesBuildPhase section */
		048D680E275A9C21001C3F64 /* Resources */ = {
			isa = PBXResourcesBuildPhase;
			buildActionMask = 2147483647;
			files = (
				048D6820275A9C22001C3F64 /* LaunchScreen.storyboard in Resources */,
				048D681D275A9C22001C3F64 /* Assets.xcassets in Resources */,
			);
			runOnlyForDeploymentPostprocessing = 0;
		};
/* End PBXResourcesBuildPhase section */

/* Begin PBXShellScriptBuildPhase section */
		9217DAD01DC361BF2D33C679 /* [CP] Check Pods Manifest.lock */ = {
			isa = PBXShellScriptBuildPhase;
			buildActionMask = 2147483647;
			files = (
			);
			inputFileListPaths = (
			);
			inputPaths = (
				"${PODS_PODFILE_DIR_PATH}/Podfile.lock",
				"${PODS_ROOT}/Manifest.lock",
			);
			name = "[CP] Check Pods Manifest.lock";
			outputFileListPaths = (
			);
			outputPaths = (
				"$(DERIVED_FILE_DIR)/Pods-AutoChek-checkManifestLockResult.txt",
			);
			runOnlyForDeploymentPostprocessing = 0;
			shellPath = /bin/sh;
			shellScript = "diff \"${PODS_PODFILE_DIR_PATH}/Podfile.lock\" \"${PODS_ROOT}/Manifest.lock\" > /dev/null\nif [ $? != 0 ] ; then\n    # print error to STDERR\n    echo \"error: The sandbox is not in sync with the Podfile.lock. Run 'pod install' or update your CocoaPods installation.\" >&2\n    exit 1\nfi\n# This output is used by Xcode 'outputs' to avoid re-running this script phase.\necho \"SUCCESS\" > \"${SCRIPT_OUTPUT_FILE_0}\"\n";
			showEnvVarsInLog = 0;
		};
		EFB3E1B53687EB34D57F1249 /* [CP] Embed Pods Frameworks */ = {
			isa = PBXShellScriptBuildPhase;
			buildActionMask = 2147483647;
			files = (
			);
			inputFileListPaths = (
				"${PODS_ROOT}/Target Support Files/Pods-AutoChek/Pods-AutoChek-frameworks-${CONFIGURATION}-input-files.xcfilelist",
			);
			name = "[CP] Embed Pods Frameworks";
			outputFileListPaths = (
				"${PODS_ROOT}/Target Support Files/Pods-AutoChek/Pods-AutoChek-frameworks-${CONFIGURATION}-output-files.xcfilelist",
			);
			runOnlyForDeploymentPostprocessing = 0;
			shellPath = /bin/sh;
			shellScript = "\"${PODS_ROOT}/Target Support Files/Pods-AutoChek/Pods-AutoChek-frameworks.sh\"\n";
			showEnvVarsInLog = 0;
		};
/* End PBXShellScriptBuildPhase section */

/* Begin PBXSourcesBuildPhase section */
		048D680C275A9C21001C3F64 /* Sources */ = {
			isa = PBXSourcesBuildPhase;
			buildActionMask = 2147483647;
			files = (
				048D682F275A9DAC001C3F64 /* ExploreViewController.swift in Sources */,
				048D6814275A9C21001C3F64 /* AppDelegate.swift in Sources */,
				041CC20C275CDFC400910653 /* Network.swift in Sources */,
				041CC213275D794300910653 /* CarFeaturesViewController.swift in Sources */,
				04E9D57A275F53340080688E /* FavoriteViewController.swift in Sources */,
				041CC205275BB5DF00910653 /* ExploreViewController+Extension.swift in Sources */,
				041CC20E275CE0B700910653 /* MakeAndLogoModel.swift in Sources */,
				04E9D57E275F535C0080688E /* NotificationsViewController.swift in Sources */,
				041CC215275D81DB00910653 /* CarFeaturesModel.swift in Sources */,
				041CC208275BB67D00910653 /* BrandsCollectionViewCell.swift in Sources */,
				048D6816275A9C21001C3F64 /* SceneDelegate.swift in Sources */,
				04E9D57C275F53470080688E /* CartViewController.swift in Sources */,
				04E9D576275F52E60080688E /* TabBarViewController.swift in Sources */,
				041CC20A275BCE3A00910653 /* CarMakesCollectionViewCell.swift in Sources */,
				04E9D580275F53750080688E /* ChatsViewController.swift in Sources */,
				041CC211275D06A400910653 /* CarDetailsModel.swift in Sources */,
			);
			runOnlyForDeploymentPostprocessing = 0;
		};
/* End PBXSourcesBuildPhase section */

/* Begin PBXVariantGroup section */
		048D681E275A9C22001C3F64 /* LaunchScreen.storyboard */ = {
			isa = PBXVariantGroup;
			children = (
				048D681F275A9C22001C3F64 /* Base */,
			);
			name = LaunchScreen.storyboard;
			sourceTree = "<group>";
		};
/* End PBXVariantGroup section */

/* Begin XCBuildConfiguration section */
		048D6822275A9C22001C3F64 /* Debug */ = {
			isa = XCBuildConfiguration;
			buildSettings = {
				ALWAYS_SEARCH_USER_PATHS = NO;
				CLANG_ANALYZER_NONNULL = YES;
				CLANG_ANALYZER_NUMBER_OBJECT_CONVERSION = YES_AGGRESSIVE;
				CLANG_CXX_LANGUAGE_STANDARD = "gnu++17";
				CLANG_CXX_LIBRARY = "libc++";
				CLANG_ENABLE_MODULES = YES;
				CLANG_ENABLE_OBJC_ARC = YES;
				CLANG_ENABLE_OBJC_WEAK = YES;
				CLANG_WARN_BLOCK_CAPTURE_AUTORELEASING = YES;
				CLANG_WARN_BOOL_CONVERSION = YES;
				CLANG_WARN_COMMA = YES;
				CLANG_WARN_CONSTANT_CONVERSION = YES;
				CLANG_WARN_DEPRECATED_OBJC_IMPLEMENTATIONS = YES;
				CLANG_WARN_DIRECT_OBJC_ISA_USAGE = YES_ERROR;
				CLANG_WARN_DOCUMENTATION_COMMENTS = YES;
				CLANG_WARN_EMPTY_BODY = YES;
				CLANG_WARN_ENUM_CONVERSION = YES;
				CLANG_WARN_INFINITE_RECURSION = YES;
				CLANG_WARN_INT_CONVERSION = YES;
				CLANG_WARN_NON_LITERAL_NULL_CONVERSION = YES;
				CLANG_WARN_OBJC_IMPLICIT_RETAIN_SELF = YES;
				CLANG_WARN_OBJC_LITERAL_CONVERSION = YES;
				CLANG_WARN_OBJC_ROOT_CLASS = YES_ERROR;
				CLANG_WARN_QUOTED_INCLUDE_IN_FRAMEWORK_HEADER = YES;
				CLANG_WARN_RANGE_LOOP_ANALYSIS = YES;
				CLANG_WARN_STRICT_PROTOTYPES = YES;
				CLANG_WARN_SUSPICIOUS_MOVE = YES;
				CLANG_WARN_UNGUARDED_AVAILABILITY = YES_AGGRESSIVE;
				CLANG_WARN_UNREACHABLE_CODE = YES;
				CLANG_WARN__DUPLICATE_METHOD_MATCH = YES;
				COPY_PHASE_STRIP = NO;
				DEBUG_INFORMATION_FORMAT = dwarf;
				ENABLE_STRICT_OBJC_MSGSEND = YES;
				ENABLE_TESTABILITY = YES;
				GCC_C_LANGUAGE_STANDARD = gnu11;
				GCC_DYNAMIC_NO_PIC = NO;
				GCC_NO_COMMON_BLOCKS = YES;
				GCC_OPTIMIZATION_LEVEL = 0;
				GCC_PREPROCESSOR_DEFINITIONS = (
					"DEBUG=1",
					"$(inherited)",
				);
				GCC_WARN_64_TO_32_BIT_CONVERSION = YES;
				GCC_WARN_ABOUT_RETURN_TYPE = YES_ERROR;
				GCC_WARN_UNDECLARED_SELECTOR = YES;
				GCC_WARN_UNINITIALIZED_AUTOS = YES_AGGRESSIVE;
				GCC_WARN_UNUSED_FUNCTION = YES;
				GCC_WARN_UNUSED_VARIABLE = YES;
				IPHONEOS_DEPLOYMENT_TARGET = 15.0;
				MTL_ENABLE_DEBUG_INFO = INCLUDE_SOURCE;
				MTL_FAST_MATH = YES;
				ONLY_ACTIVE_ARCH = YES;
				SDKROOT = iphoneos;
				SWIFT_ACTIVE_COMPILATION_CONDITIONS = DEBUG;
				SWIFT_OPTIMIZATION_LEVEL = "-Onone";
			};
			name = Debug;
		};
		048D6823275A9C22001C3F64 /* Release */ = {
			isa = XCBuildConfiguration;
			buildSettings = {
				ALWAYS_SEARCH_USER_PATHS = NO;
				CLANG_ANALYZER_NONNULL = YES;
				CLANG_ANALYZER_NUMBER_OBJECT_CONVERSION = YES_AGGRESSIVE;
				CLANG_CXX_LANGUAGE_STANDARD = "gnu++17";
				CLANG_CXX_LIBRARY = "libc++";
				CLANG_ENABLE_MODULES = YES;
				CLANG_ENABLE_OBJC_ARC = YES;
				CLANG_ENABLE_OBJC_WEAK = YES;
				CLANG_WARN_BLOCK_CAPTURE_AUTORELEASING = YES;
				CLANG_WARN_BOOL_CONVERSION = YES;
				CLANG_WARN_COMMA = YES;
				CLANG_WARN_CONSTANT_CONVERSION = YES;
				CLANG_WARN_DEPRECATED_OBJC_IMPLEMENTATIONS = YES;
				CLANG_WARN_DIRECT_OBJC_ISA_USAGE = YES_ERROR;
				CLANG_WARN_DOCUMENTATION_COMMENTS = YES;
				CLANG_WARN_EMPTY_BODY = YES;
				CLANG_WARN_ENUM_CONVERSION = YES;
				CLANG_WARN_INFINITE_RECURSION = YES;
				CLANG_WARN_INT_CONVERSION = YES;
				CLANG_WARN_NON_LITERAL_NULL_CONVERSION = YES;
				CLANG_WARN_OBJC_IMPLICIT_RETAIN_SELF = YES;
				CLANG_WARN_OBJC_LITERAL_CONVERSION = YES;
				CLANG_WARN_OBJC_ROOT_CLASS = YES_ERROR;
				CLANG_WARN_QUOTED_INCLUDE_IN_FRAMEWORK_HEADER = YES;
				CLANG_WARN_RANGE_LOOP_ANALYSIS = YES;
				CLANG_WARN_STRICT_PROTOTYPES = YES;
				CLANG_WARN_SUSPICIOUS_MOVE = YES;
				CLANG_WARN_UNGUARDED_AVAILABILITY = YES_AGGRESSIVE;
				CLANG_WARN_UNREACHABLE_CODE = YES;
				CLANG_WARN__DUPLICATE_METHOD_MATCH = YES;
				COPY_PHASE_STRIP = NO;
				DEBUG_INFORMATION_FORMAT = "dwarf-with-dsym";
				ENABLE_NS_ASSERTIONS = NO;
				ENABLE_STRICT_OBJC_MSGSEND = YES;
				GCC_C_LANGUAGE_STANDARD = gnu11;
				GCC_NO_COMMON_BLOCKS = YES;
				GCC_WARN_64_TO_32_BIT_CONVERSION = YES;
				GCC_WARN_ABOUT_RETURN_TYPE = YES_ERROR;
				GCC_WARN_UNDECLARED_SELECTOR = YES;
				GCC_WARN_UNINITIALIZED_AUTOS = YES_AGGRESSIVE;
				GCC_WARN_UNUSED_FUNCTION = YES;
				GCC_WARN_UNUSED_VARIABLE = YES;
				IPHONEOS_DEPLOYMENT_TARGET = 15.0;
				MTL_ENABLE_DEBUG_INFO = NO;
				MTL_FAST_MATH = YES;
				SDKROOT = iphoneos;
				SWIFT_COMPILATION_MODE = wholemodule;
				SWIFT_OPTIMIZATION_LEVEL = "-O";
				VALIDATE_PRODUCT = YES;
			};
			name = Release;
		};
		048D6825275A9C22001C3F64 /* Debug */ = {
			isa = XCBuildConfiguration;
			baseConfigurationReference = 5EDE2C806F5FC5B3C6619691 /* Pods-AutoChek.debug.xcconfig */;
			buildSettings = {
				ASSETCATALOG_COMPILER_APPICON_NAME = AppIcon;
				ASSETCATALOG_COMPILER_GLOBAL_ACCENT_COLOR_NAME = AccentColor;
				CODE_SIGN_STYLE = Automatic;
				CURRENT_PROJECT_VERSION = 1;
				GENERATE_INFOPLIST_FILE = YES;
				INFOPLIST_FILE = AutoChek/Info.plist;
				INFOPLIST_KEY_UIApplicationSupportsIndirectInputEvents = YES;
				INFOPLIST_KEY_UILaunchStoryboardName = LaunchScreen;
				INFOPLIST_KEY_UISupportedInterfaceOrientations_iPad = "UIInterfaceOrientationPortrait UIInterfaceOrientationPortraitUpsideDown UIInterfaceOrientationLandscapeLeft UIInterfaceOrientationLandscapeRight";
				INFOPLIST_KEY_UISupportedInterfaceOrientations_iPhone = "UIInterfaceOrientationPortrait UIInterfaceOrientationLandscapeLeft UIInterfaceOrientationLandscapeRight";
				LD_RUNPATH_SEARCH_PATHS = (
					"$(inherited)",
					"@executable_path/Frameworks",
				);
				MARKETING_VERSION = 1.0;
				PRODUCT_BUNDLE_IDENTIFIER = com.iCoderHub.AutoChek;
				PRODUCT_NAME = "$(TARGET_NAME)";
				SWIFT_EMIT_LOC_STRINGS = YES;
				SWIFT_VERSION = 5.0;
				TARGETED_DEVICE_FAMILY = "1,2";
			};
			name = Debug;
		};
		048D6826275A9C22001C3F64 /* Release */ = {
			isa = XCBuildConfiguration;
			baseConfigurationReference = 6A7A381E130A992674D032C7 /* Pods-AutoChek.release.xcconfig */;
			buildSettings = {
				ASSETCATALOG_COMPILER_APPICON_NAME = AppIcon;
				ASSETCATALOG_COMPILER_GLOBAL_ACCENT_COLOR_NAME = AccentColor;
				CODE_SIGN_STYLE = Automatic;
				CURRENT_PROJECT_VERSION = 1;
				GENERATE_INFOPLIST_FILE = YES;
				INFOPLIST_FILE = AutoChek/Info.plist;
				INFOPLIST_KEY_UIApplicationSupportsIndirectInputEvents = YES;
				INFOPLIST_KEY_UILaunchStoryboardName = LaunchScreen;
				INFOPLIST_KEY_UISupportedInterfaceOrientations_iPad = "UIInterfaceOrientationPortrait UIInterfaceOrientationPortraitUpsideDown UIInterfaceOrientationLandscapeLeft UIInterfaceOrientationLandscapeRight";
				INFOPLIST_KEY_UISupportedInterfaceOrientations_iPhone = "UIInterfaceOrientationPortrait UIInterfaceOrientationLandscapeLeft UIInterfaceOrientationLandscapeRight";
				LD_RUNPATH_SEARCH_PATHS = (
					"$(inherited)",
					"@executable_path/Frameworks",
				);
				MARKETING_VERSION = 1.0;
				PRODUCT_BUNDLE_IDENTIFIER = com.iCoderHub.AutoChek;
				PRODUCT_NAME = "$(TARGET_NAME)";
				SWIFT_EMIT_LOC_STRINGS = YES;
				SWIFT_VERSION = 5.0;
				TARGETED_DEVICE_FAMILY = "1,2";
			};
			name = Release;
		};
/* End XCBuildConfiguration section */

/* Begin XCConfigurationList section */
		048D680B275A9C21001C3F64 /* Build configuration list for PBXProject "AutoChek" */ = {
			isa = XCConfigurationList;
			buildConfigurations = (
				048D6822275A9C22001C3F64 /* Debug */,
				048D6823275A9C22001C3F64 /* Release */,
			);
			defaultConfigurationIsVisible = 0;
			defaultConfigurationName = Release;
		};
		048D6824275A9C22001C3F64 /* Build configuration list for PBXNativeTarget "AutoChek" */ = {
			isa = XCConfigurationList;
			buildConfigurations = (
				048D6825275A9C22001C3F64 /* Debug */,
				048D6826275A9C22001C3F64 /* Release */,
			);
			defaultConfigurationIsVisible = 0;
			defaultConfigurationName = Release;
		};
/* End XCConfigurationList section */
	};
	rootObject = 048D6808275A9C21001C3F64 /* Project object */;
}
