// !$*UTF8*$!
{
	archiveVersion = 1;
	classes = {
	};
	objectVersion = 55;
	objects = {

/* Begin PBXBuildFile section */
		041CC205275BB5DF00910653 /* ExploreViewController+Extension.swift in Sources */ = {isa = PBXBuildFile; fileRef = 041CC204275BB5DF00910653 /* ExploreViewController+Extension.swift */; };
		041CC208275BB67D00910653 /* BrandsCollectionViewCell.swift in Sources */ = {isa = PBXBuildFile; fileRef = 041CC207275BB67D00910653 /* BrandsCollectionViewCell.swift */; };
		041CC20A275BCE3A00910653 /* CarMakesCollectionViewCell.swift in Sources */ = {isa = PBXBuildFile; fileRef = 041CC209275BCE3A00910653 /* CarMakesCollectionViewCell.swift */; };
		048D6814275A9C21001C3F64 /* AppDelegate.swift in Sources */ = {isa = PBXBuildFile; fileRef = 048D6813275A9C21001C3F64 /* AppDelegate.swift */; };
		048D6816275A9C21001C3F64 /* SceneDelegate.swift in Sources */ = {isa = PBXBuildFile; fileRef = 048D6815275A9C21001C3F64 /* SceneDelegate.swift */; };
		048D681D275A9C22001C3F64 /* Assets.xcassets in Resources */ = {isa = PBXBuildFile; fileRef = 048D681C275A9C22001C3F64 /* Assets.xcassets */; };
		048D6820275A9C22001C3F64 /* LaunchScreen.storyboard in Resources */ = {isa = PBXBuildFile; fileRef = 048D681E275A9C22001C3F64 /* LaunchScreen.storyboard */; };
		048D682F275A9DAC001C3F64 /* ExploreViewController.swift in Sources */ = {isa = PBXBuildFile; fileRef = 048D682E275A9DAC001C3F64 /* ExploreViewController.swift */; };
		048D6831275A9EF8001C3F64 /* ExploreView.swift in Sources */ = {isa = PBXBuildFile; fileRef = 048D6830275A9EF8001C3F64 /* ExploreView.swift */; };
/* End PBXBuildFile section */

/* Begin PBXFileReference section */
		041CC204275BB5DF00910653 /* ExploreViewController+Extension.swift */ = {isa = PBXFileReference; lastKnownFileType = sourcecode.swift; path = "ExploreViewController+Extension.swift"; sourceTree = "<group>"; };
		041CC207275BB67D00910653 /* BrandsCollectionViewCell.swift */ = {isa = PBXFileReference; lastKnownFileType = sourcecode.swift; path = BrandsCollectionViewCell.swift; sourceTree = "<group>"; };
		041CC209275BCE3A00910653 /* CarMakesCollectionViewCell.swift */ = {isa = PBXFileReference; lastKnownFileType = sourcecode.swift; path = CarMakesCollectionViewCell.swift; sourceTree = "<group>"; };
		048D6810275A9C21001C3F64 /* AutoChek.app */ = {isa = PBXFileReference; explicitFileType = wrapper.application; includeInIndex = 0; path = AutoChek.app; sourceTree = BUILT_PRODUCTS_DIR; };
		048D6813275A9C21001C3F64 /* AppDelegate.swift */ = {isa = PBXFileReference; lastKnownFileType = sourcecode.swift; path = AppDelegate.swift; sourceTree = "<group>"; };
		048D6815275A9C21001C3F64 /* SceneDelegate.swift */ = {isa = PBXFileReference; lastKnownFileType = sourcecode.swift; path = SceneDelegate.swift; sourceTree = "<group>"; };
		048D681C275A9C22001C3F64 /* Assets.xcassets */ = {isa = PBXFileReference; lastKnownFileType = folder.assetcatalog; path = Assets.xcassets; sourceTree = "<group>"; };
		048D681F275A9C22001C3F64 /* Base */ = {isa = PBXFileReference; lastKnownFileType = file.storyboard; name = Base; path = Base.lproj/LaunchScreen.storyboard; sourceTree = "<group>"; };
		048D6821275A9C22001C3F64 /* Info.plist */ = {isa = PBXFileReference; lastKnownFileType = text.plist.xml; path = Info.plist; sourceTree = "<group>"; };
		048D682E275A9DAC001C3F64 /* ExploreViewController.swift */ = {isa = PBXFileReference; fileEncoding = 4; lastKnownFileType = sourcecode.swift; path = ExploreViewController.swift; sourceTree = "<group>"; };
		048D6830275A9EF8001C3F64 /* ExploreView.swift */ = {isa = PBXFileReference; lastKnownFileType = sourcecode.swift; path = ExploreView.swift; sourceTree = "<group>"; };
/* End PBXFileReference section */

/* Begin PBXFrameworksBuildPhase section */
		048D680D275A9C21001C3F64 /* Frameworks */ = {
			isa = PBXFrameworksBuildPhase;
			buildActionMask = 2147483647;
			files = (
			);
			runOnlyForDeploymentPostprocessing = 0;
		};
/* End PBXFrameworksBuildPhase section */

/* Begin PBXGroup section */
		041CC206275BB65200910653 /* Cells */ = {
			isa = PBXGroup;
			children = (
				041CC207275BB67D00910653 /* BrandsCollectionViewCell.swift */,
				041CC209275BCE3A00910653 /* CarMakesCollectionViewCell.swift */,
			);
			path = Cells;
			sourceTree = "<group>";
		};
		048D6807275A9C21001C3F64 = {
			isa = PBXGroup;
			children = (
				048D6812275A9C21001C3F64 /* AutoChek */,
				048D6811275A9C21001C3F64 /* Products */,
			);
			sourceTree = "<group>";
		};
		048D6811275A9C21001C3F64 /* Products */ = {
			isa = PBXGroup;
			children = (
				048D6810275A9C21001C3F64 /* AutoChek.app */,
			);
			name = Products;
			sourceTree = "<group>";
		};
		048D6812275A9C21001C3F64 /* AutoChek */ = {
			isa = PBXGroup;
			children = (
				048D6827275A9C3C001C3F64 /* Models */,
				048D6829275A9C5F001C3F64 /* Views */,
				048D682A275A9C6A001C3F64 /* Controllers */,
				048D682B275A9C9F001C3F64 /* Delegates */,
				048D682C275A9CD0001C3F64 /* Resources */,
				048D6821275A9C22001C3F64 /* Info.plist */,
			);
			path = AutoChek;
			sourceTree = "<group>";
		};
		048D6827275A9C3C001C3F64 /* Models */ = {
			isa = PBXGroup;
			children = (
				048D6832275AA08F001C3F64 /* Networking */,
			);
			path = Models;
			sourceTree = "<group>";
		};
		048D6829275A9C5F001C3F64 /* Views */ = {
			isa = PBXGroup;
			children = (
				041CC206275BB65200910653 /* Cells */,
				048D682D275A9CEE001C3F64 /* StoryBoards */,
				048D6830275A9EF8001C3F64 /* ExploreView.swift */,
			);
			path = Views;
			sourceTree = "<group>";
		};
		048D682A275A9C6A001C3F64 /* Controllers */ = {
			isa = PBXGroup;
			children = (
				048D682E275A9DAC001C3F64 /* ExploreViewController.swift */,
				041CC204275BB5DF00910653 /* ExploreViewController+Extension.swift */,
			);
			path = Controllers;
			sourceTree = "<group>";
		};
		048D682B275A9C9F001C3F64 /* Delegates */ = {
			isa = PBXGroup;
			children = (
				048D6813275A9C21001C3F64 /* AppDelegate.swift */,
				048D6815275A9C21001C3F64 /* SceneDelegate.swift */,
			);
			path = Delegates;
			sourceTree = "<group>";
		};
		048D682C275A9CD0001C3F64 /* Resources */ = {
			isa = PBXGroup;
			children = (
				048D681C275A9C22001C3F64 /* Assets.xcassets */,
			);
			path = Resources;
			sourceTree = "<group>";
		};
		048D682D275A9CEE001C3F64 /* StoryBoards */ = {
			isa = PBXGroup;
			children = (
				048D681E275A9C22001C3F64 /* LaunchScreen.storyboard */,
			);
			path = StoryBoards;
			sourceTree = "<group>";
		};
		048D6832275AA08F001C3F64 /* Networking */ = {
			isa = PBXGroup;
			children = (
			);
			path = Networking;
			sourceTree = "<group>";
		};
/* End PBXGroup section */

/* Begin PBXNativeTarget section */
		048D680F275A9C21001C3F64 /* AutoChek */ = {
			isa = PBXNativeTarget;
			buildConfigurationList = 048D6824275A9C22001C3F64 /* Build configuration list for PBXNativeTarget "AutoChek" */;
			buildPhases = (
				048D680C275A9C21001C3F64 /* Sources */,
				048D680D275A9C21001C3F64 /* Frameworks */,
				048D680E275A9C21001C3F64 /* Resources */,
			);
			buildRules = (
			);
			dependencies = (
			);
			name = AutoChek;
			productName = AutoChek;
			productReference = 048D6810275A9C21001C3F64 /* AutoChek.app */;
			productType = "com.apple.product-type.application";
		};
/* End PBXNativeTarget section */

/* Begin PBXProject section */
		048D6808275A9C21001C3F64 /* Project object */ = {
			isa = PBXProject;
			attributes = {
				BuildIndependentTargetsInParallel = 1;
				LastSwiftUpdateCheck = 1310;
				LastUpgradeCheck = 1310;
				TargetAttributes = {
					048D680F275A9C21001C3F64 = {
						CreatedOnToolsVersion = 13.1;
					};
				};
			};
			buildConfigurationList = 048D680B275A9C21001C3F64 /* Build configuration list for PBXProject "AutoChek" */;
			compatibilityVersion = "Xcode 13.0";
			developmentRegion = en;
			hasScannedForEncodings = 0;
			knownRegions = (
				en,
				Base,
			);
			mainGroup = 048D6807275A9C21001C3F64;
			productRefGroup = 048D6811275A9C21001C3F64 /* Products */;
			projectDirPath = "";
			projectRoot = "";
			targets = (
				048D680F275A9C21001C3F64 /* AutoChek */,
			);
		};
/* End PBXProject section */

/* Begin PBXResourcesBuildPhase section */
		048D680E275A9C21001C3F64 /* Resources */ = {
			isa = PBXResourcesBuildPhase;
			buildActionMask = 2147483647;
			files = (
				048D6820275A9C22001C3F64 /* LaunchScreen.storyboard in Resources */,
				048D681D275A9C22001C3F64 /* Assets.xcassets in Resources */,
			);
			runOnlyForDeploymentPostprocessing = 0;
		};
/* End PBXResourcesBuildPhase section */

/* Begin PBXSourcesBuildPhase section */
		048D680C275A9C21001C3F64 /* Sources */ = {
			isa = PBXSourcesBuildPhase;
			buildActionMask = 2147483647;
			files = (
				048D682F275A9DAC001C3F64 /* ExploreViewController.swift in Sources */,
				048D6814275A9C21001C3F64 /* AppDelegate.swift in Sources */,
				041CC205275BB5DF00910653 /* ExploreViewController+Extension.swift in Sources */,
				048D6831275A9EF8001C3F64 /* ExploreView.swift in Sources */,
				041CC208275BB67D00910653 /* BrandsCollectionViewCell.swift in Sources */,
				048D6816275A9C21001C3F64 /* SceneDelegate.swift in Sources */,
				041CC20A275BCE3A00910653 /* CarMakesCollectionViewCell.swift in Sources */,
			);
			runOnlyForDeploymentPostprocessing = 0;
		};
/* End PBXSourcesBuildPhase section */

/* Begin PBXVariantGroup section */
		048D681E275A9C22001C3F64 /* LaunchScreen.storyboard */ = {
			isa = PBXVariantGroup;
			children = (
				048D681F275A9C22001C3F64 /* Base */,
			);
			name = LaunchScreen.storyboard;
			sourceTree = "<group>";
		};
/* End PBXVariantGroup section */

/* Begin XCBuildConfiguration section */
		048D6822275A9C22001C3F64 /* Debug */ = {
			isa = XCBuildConfiguration;
			buildSettings = {
				ALWAYS_SEARCH_USER_PATHS = NO;
				CLANG_ANALYZER_NONNULL = YES;
				CLANG_ANALYZER_NUMBER_OBJECT_CONVERSION = YES_AGGRESSIVE;
				CLANG_CXX_LANGUAGE_STANDARD = "gnu++17";
				CLANG_CXX_LIBRARY = "libc++";
				CLANG_ENABLE_MODULES = YES;
				CLANG_ENABLE_OBJC_ARC = YES;
				CLANG_ENABLE_OBJC_WEAK = YES;
				CLANG_WARN_BLOCK_CAPTURE_AUTORELEASING = YES;
				CLANG_WARN_BOOL_CONVERSION = YES;
				CLANG_WARN_COMMA = YES;
				CLANG_WARN_CONSTANT_CONVERSION = YES;
				CLANG_WARN_DEPRECATED_OBJC_IMPLEMENTATIONS = YES;
				CLANG_WARN_DIRECT_OBJC_ISA_USAGE = YES_ERROR;
				CLANG_WARN_DOCUMENTATION_COMMENTS = YES;
				CLANG_WARN_EMPTY_BODY = YES;
				CLANG_WARN_ENUM_CONVERSION = YES;
				CLANG_WARN_INFINITE_RECURSION = YES;
				CLANG_WARN_INT_CONVERSION = YES;
				CLANG_WARN_NON_LITERAL_NULL_CONVERSION = YES;
				CLANG_WARN_OBJC_IMPLICIT_RETAIN_SELF = YES;
				CLANG_WARN_OBJC_LITERAL_CONVERSION = YES;
				CLANG_WARN_OBJC_ROOT_CLASS = YES_ERROR;
				CLANG_WARN_QUOTED_INCLUDE_IN_FRAMEWORK_HEADER = YES;
				CLANG_WARN_RANGE_LOOP_ANALYSIS = YES;
				CLANG_WARN_STRICT_PROTOTYPES = YES;
				CLANG_WARN_SUSPICIOUS_MOVE = YES;
				CLANG_WARN_UNGUARDED_AVAILABILITY = YES_AGGRESSIVE;
				CLANG_WARN_UNREACHABLE_CODE = YES;
				CLANG_WARN__DUPLICATE_METHOD_MATCH = YES;
				COPY_PHASE_STRIP = NO;
				DEBUG_INFORMATION_FORMAT = dwarf;
				ENABLE_STRICT_OBJC_MSGSEND = YES;
				ENABLE_TESTABILITY = YES;
				GCC_C_LANGUAGE_STANDARD = gnu11;
				GCC_DYNAMIC_NO_PIC = NO;
				GCC_NO_COMMON_BLOCKS = YES;
				GCC_OPTIMIZATION_LEVEL = 0;
				GCC_PREPROCESSOR_DEFINITIONS = (
					"DEBUG=1",
					"$(inherited)",
				);
				GCC_WARN_64_TO_32_BIT_CONVERSION = YES;
				GCC_WARN_ABOUT_RETURN_TYPE = YES_ERROR;
				GCC_WARN_UNDECLARED_SELECTOR = YES;
				GCC_WARN_UNINITIALIZED_AUTOS = YES_AGGRESSIVE;
				GCC_WARN_UNUSED_FUNCTION = YES;
				GCC_WARN_UNUSED_VARIABLE = YES;
				IPHONEOS_DEPLOYMENT_TARGET = 15.0;
				MTL_ENABLE_DEBUG_INFO = INCLUDE_SOURCE;
				MTL_FAST_MATH = YES;
				ONLY_ACTIVE_ARCH = YES;
				SDKROOT = iphoneos;
				SWIFT_ACTIVE_COMPILATION_CONDITIONS = DEBUG;
				SWIFT_OPTIMIZATION_LEVEL = "-Onone";
			};
			name = Debug;
		};
		048D6823275A9C22001C3F64 /* Release */ = {
			isa = XCBuildConfiguration;
			buildSettings = {
				ALWAYS_SEARCH_USER_PATHS = NO;
				CLANG_ANALYZER_NONNULL = YES;
				CLANG_ANALYZER_NUMBER_OBJECT_CONVERSION = YES_AGGRESSIVE;
				CLANG_CXX_LANGUAGE_STANDARD = "gnu++17";
				CLANG_CXX_LIBRARY = "libc++";
				CLANG_ENABLE_MODULES = YES;
				CLANG_ENABLE_OBJC_ARC = YES;
				CLANG_ENABLE_OBJC_WEAK = YES;
				CLANG_WARN_BLOCK_CAPTURE_AUTORELEASING = YES;
				CLANG_WARN_BOOL_CONVERSION = YES;
				CLANG_WARN_COMMA = YES;
				CLANG_WARN_CONSTANT_CONVERSION = YES;
				CLANG_WARN_DEPRECATED_OBJC_IMPLEMENTATIONS = YES;
				CLANG_WARN_DIRECT_OBJC_ISA_USAGE = YES_ERROR;
				CLANG_WARN_DOCUMENTATION_COMMENTS = YES;
				CLANG_WARN_EMPTY_BODY = YES;
				CLANG_WARN_ENUM_CONVERSION = YES;
				CLANG_WARN_INFINITE_RECURSION = YES;
				CLANG_WARN_INT_CONVERSION = YES;
				CLANG_WARN_NON_LITERAL_NULL_CONVERSION = YES;
				CLANG_WARN_OBJC_IMPLICIT_RETAIN_SELF = YES;
				CLANG_WARN_OBJC_LITERAL_CONVERSION = YES;
				CLANG_WARN_OBJC_ROOT_CLASS = YES_ERROR;
				CLANG_WARN_QUOTED_INCLUDE_IN_FRAMEWORK_HEADER = YES;
				CLANG_WARN_RANGE_LOOP_ANALYSIS = YES;
				CLANG_WARN_STRICT_PROTOTYPES = YES;
				CLANG_WARN_SUSPICIOUS_MOVE = YES;
				CLANG_WARN_UNGUARDED_AVAILABILITY = YES_AGGRESSIVE;
				CLANG_WARN_UNREACHABLE_CODE = YES;
				CLANG_WARN__DUPLICATE_METHOD_MATCH = YES;
				COPY_PHASE_STRIP = NO;
				DEBUG_INFORMATION_FORMAT = "dwarf-with-dsym";
				ENABLE_NS_ASSERTIONS = NO;
				ENABLE_STRICT_OBJC_MSGSEND = YES;
				GCC_C_LANGUAGE_STANDARD = gnu11;
				GCC_NO_COMMON_BLOCKS = YES;
				GCC_WARN_64_TO_32_BIT_CONVERSION = YES;
				GCC_WARN_ABOUT_RETURN_TYPE = YES_ERROR;
				GCC_WARN_UNDECLARED_SELECTOR = YES;
				GCC_WARN_UNINITIALIZED_AUTOS = YES_AGGRESSIVE;
				GCC_WARN_UNUSED_FUNCTION = YES;
				GCC_WARN_UNUSED_VARIABLE = YES;
				IPHONEOS_DEPLOYMENT_TARGET = 15.0;
				MTL_ENABLE_DEBUG_INFO = NO;
				MTL_FAST_MATH = YES;
				SDKROOT = iphoneos;
				SWIFT_COMPILATION_MODE = wholemodule;
				SWIFT_OPTIMIZATION_LEVEL = "-O";
				VALIDATE_PRODUCT = YES;
			};
			name = Release;
		};
		048D6825275A9C22001C3F64 /* Debug */ = {
			isa = XCBuildConfiguration;
			buildSettings = {
				ASSETCATALOG_COMPILER_APPICON_NAME = AppIcon;
				ASSETCATALOG_COMPILER_GLOBAL_ACCENT_COLOR_NAME = AccentColor;
				CODE_SIGN_STYLE = Automatic;
				CURRENT_PROJECT_VERSION = 1;
				GENERATE_INFOPLIST_FILE = YES;
				INFOPLIST_FILE = AutoChek/Info.plist;
				INFOPLIST_KEY_UIApplicationSupportsIndirectInputEvents = YES;
				INFOPLIST_KEY_UILaunchStoryboardName = LaunchScreen;
				INFOPLIST_KEY_UISupportedInterfaceOrientations_iPad = "UIInterfaceOrientationPortrait UIInterfaceOrientationPortraitUpsideDown UIInterfaceOrientationLandscapeLeft UIInterfaceOrientationLandscapeRight";
				INFOPLIST_KEY_UISupportedInterfaceOrientations_iPhone = "UIInterfaceOrientationPortrait UIInterfaceOrientationLandscapeLeft UIInterfaceOrientationLandscapeRight";
				LD_RUNPATH_SEARCH_PATHS = (
					"$(inherited)",
					"@executable_path/Frameworks",
				);
				MARKETING_VERSION = 1.0;
				PRODUCT_BUNDLE_IDENTIFIER = com.iCoderHub.AutoChek;
				PRODUCT_NAME = "$(TARGET_NAME)";
				SWIFT_EMIT_LOC_STRINGS = YES;
				SWIFT_VERSION = 5.0;
				TARGETED_DEVICE_FAMILY = "1,2";
			};
			name = Debug;
		};
		048D6826275A9C22001C3F64 /* Release */ = {
			isa = XCBuildConfiguration;
			buildSettings = {
				ASSETCATALOG_COMPILER_APPICON_NAME = AppIcon;
				ASSETCATALOG_COMPILER_GLOBAL_ACCENT_COLOR_NAME = AccentColor;
				CODE_SIGN_STYLE = Automatic;
				CURRENT_PROJECT_VERSION = 1;
				GENERATE_INFOPLIST_FILE = YES;
				INFOPLIST_FILE = AutoChek/Info.plist;
				INFOPLIST_KEY_UIApplicationSupportsIndirectInputEvents = YES;
				INFOPLIST_KEY_UILaunchStoryboardName = LaunchScreen;
				INFOPLIST_KEY_UISupportedInterfaceOrientations_iPad = "UIInterfaceOrientationPortrait UIInterfaceOrientationPortraitUpsideDown UIInterfaceOrientationLandscapeLeft UIInterfaceOrientationLandscapeRight";
				INFOPLIST_KEY_UISupportedInterfaceOrientations_iPhone = "UIInterfaceOrientationPortrait UIInterfaceOrientationLandscapeLeft UIInterfaceOrientationLandscapeRight";
				LD_RUNPATH_SEARCH_PATHS = (
					"$(inherited)",
					"@executable_path/Frameworks",
				);
				MARKETING_VERSION = 1.0;
				PRODUCT_BUNDLE_IDENTIFIER = com.iCoderHub.AutoChek;
				PRODUCT_NAME = "$(TARGET_NAME)";
				SWIFT_EMIT_LOC_STRINGS = YES;
				SWIFT_VERSION = 5.0;
				TARGETED_DEVICE_FAMILY = "1,2";
			};
			name = Release;
		};
/* End XCBuildConfiguration section */

/* Begin XCConfigurationList section */
		048D680B275A9C21001C3F64 /* Build configuration list for PBXProject "AutoChek" */ = {
			isa = XCConfigurationList;
			buildConfigurations = (
				048D6822275A9C22001C3F64 /* Debug */,
				048D6823275A9C22001C3F64 /* Release */,
			);
			defaultConfigurationIsVisible = 0;
			defaultConfigurationName = Release;
		};
		048D6824275A9C22001C3F64 /* Build configuration list for PBXNativeTarget "AutoChek" */ = {
			isa = XCConfigurationList;
			buildConfigurations = (
				048D6825275A9C22001C3F64 /* Debug */,
				048D6826275A9C22001C3F64 /* Release */,
			);
			defaultConfigurationIsVisible = 0;
			defaultConfigurationName = Release;
		};
/* End XCConfigurationList section */
	};
	rootObject = 048D6808275A9C21001C3F64 /* Project object */;
}
