PODS:
  - CocoaLumberjack (3.7.2):
    - CocoaLumberjack/Core (= 3.7.2)
  - CocoaLumberjack/Core (3.7.2)
  - Kingfisher (6.3.1)
  - SVGKit (3.0.0):
    - CocoaLumberjack (~> 3.0)

DEPENDENCIES:
  - Kingfisher
  - SVGKit

SPEC REPOS:
  trunk:
    - CocoaLumberjack
    - Kingfisher
    - SVGKit

SPEC CHECKSUMS:
  CocoaLumberjack: b7e05132ff94f6ae4dfa9d5bce9141893a21d9da
  Kingfisher: 016c8b653a35add51dd34a3aba36b580041acc74
  SVGKit: 1ad7513f8c74d9652f94ed64ddecda1a23864dea

PODFILE CHECKSUM: 5695bb0e20cbb7e4829f9d2632317bec47f0b98e

COCOAPODS: 1.11.2
